
Microsoft Visual Studio Solution File, Format Version 12.00
# Visual Studio Version 17
VisualStudioVersion = 17.13.35818.85 d17.13
MinimumVisualStudioVersion = 10.0.40219.1
Project("{FAE04EC0-301F-11D3-BF4B-00C04F79EFBC}") = "CodeBlogFitness.BL", "CodeBlogFitness.BL\CodeBlogFitness.BL.csproj", "{329D6415-0B7A-4C2B-A35D-416D77810323}"
EndProject
Project("{FAE04EC0-301F-11D3-BF4B-00C04F79EFBC}") = "CodeBlogFintess.CMD", "CodeBlogFintess.CMD\CodeBlogFintess.CMD.csproj", "{BD744BFD-9F17-4613-B74C-3611EA74D2E8}"
EndProject
Global
	GlobalSection(SolutionConfigurationPlatforms) = preSolution
		Debug|Any CPU = Debug|Any CPU
		Release|Any CPU = Release|Any CPU
	EndGlobalSection
	GlobalSection(ProjectConfigurationPlatforms) = postSolution
		{329D6415-0B7A-4C2B-A35D-416D77810323}.Debug|Any CPU.ActiveCfg = Debug|Any CPU
		{329D6415-0B7A-4C2B-A35D-416D77810323}.Debug|Any CPU.Build.0 = Debug|Any CPU
		{329D6415-0B7A-4C2B-A35D-416D77810323}.Release|Any CPU.ActiveCfg = Release|Any CPU
		{329D6415-0B7A-4C2B-A35D-416D77810323}.Release|Any CPU.Build.0 = Release|Any CPU
		{BD744BFD-9F17-4613-B74C-3611EA74D2E8}.Debug|Any CPU.ActiveCfg = Debug|Any CPU
		{BD744BFD-9F17-4613-B74C-3611EA74D2E8}.Debug|Any CPU.Build.0 = Debug|Any CPU
		{BD744BFD-9F17-4613-B74C-3611EA74D2E8}.Release|Any CPU.ActiveCfg = Release|Any CPU
		{BD744BFD-9F17-4613-B74C-3611EA74D2E8}.Release|Any CPU.Build.0 = Release|Any CPU
	EndGlobalSection
	GlobalSection(SolutionProperties) = preSolution
		HideSolutionNode = FALSE
	EndGlobalSection
	GlobalSection(ExtensibilityGlobals) = postSolution
		SolutionGuid = {D6308424-FB97-4DDB-95AB-7A0A3A3C8D42}
	EndGlobalSection
EndGlobal
